
Microsoft Visual Studio Solution File, Format Version 12.00
# Visual Studio Version 16
VisualStudioVersion = 16.0.30011.22
MinimumVisualStudioVersion = 10.0.40219.1
Project("{FAE04EC0-301F-11D3-BF4B-00C04F79EFBC}") = "task2", "task2\task2.csproj", "{8243084F-C9C4-4A40-978B-A9E7C5E4984F}"
EndProject
Global
	GlobalSection(SolutionConfigurationPlatforms) = preSolution
		Debug|Any CPU = Debug|Any CPU
		Release|Any CPU = Release|Any CPU
	EndGlobalSection
	GlobalSection(ProjectConfigurationPlatforms) = postSolution
		{8243084F-C9C4-4A40-978B-A9E7C5E4984F}.Debug|Any CPU.ActiveCfg = Debug|Any CPU
		{8243084F-C9C4-4A40-978B-A9E7C5E4984F}.Debug|Any CPU.Build.0 = Debug|Any CPU
		{8243084F-C9C4-4A40-978B-A9E7C5E4984F}.Release|Any CPU.ActiveCfg = Release|Any CPU
		{8243084F-C9C4-4A40-978B-A9E7C5E4984F}.Release|Any CPU.Build.0 = Release|Any CPU
	EndGlobalSection
	GlobalSection(SolutionProperties) = preSolution
		HideSolutionNode = FALSE
	EndGlobalSection
	GlobalSection(ExtensibilityGlobals) = postSolution
		SolutionGuid = {75BA6E52-28FE-472F-9659-3477CD790310}
	EndGlobalSection
EndGlobal
